
Microsoft Visual Studio Solution File, Format Version 12.00
# Visual Studio Version 17
VisualStudioVersion = 17.1.32421.90
MinimumVisualStudioVersion = 10.0.40219.1
Project("{8BC9CEB8-8B4A-11D0-8D11-00A0C91BC942}") = "Project_3", "Project_3.vcxproj", "{BE29F35E-0FF9-41F2-AF55-3DB1FFBC3B0D}"
EndProject
Project("{8BC9CEB8-8B4A-11D0-8D11-00A0C91BC942}") = "MAPLIBRARY", "..\MAPLIBRARY\MAPLIBRARY.vcxproj", "{35E51978-6572-4576-A59A-CBA5058A15EA}"
EndProject
Project("{8BC9CEB8-8B4A-11D0-8D11-00A0C91BC942}") = "REDUCELIBRARY", "..\REDUCELIBRARY\REDUCELIBRARY.vcxproj", "{39389B25-9387-451A-83D5-5DFAE71C734F}"
EndProject
Project("{8BC9CEB8-8B4A-11D0-8D11-00A0C91BC942}") = "Unit Testing - Project 3", "..\Unit Testing - Project 3\Unit Testing - Project 3.vcxproj", "{6CB4CA77-0C5F-41C0-B741-6CD757FB0BB8}"
EndProject
Global
	GlobalSection(SolutionConfigurationPlatforms) = preSolution
		Debug|x64 = Debug|x64
		Debug|x86 = Debug|x86
		Release|x64 = Release|x64
		Release|x86 = Release|x86
	EndGlobalSection
	GlobalSection(ProjectConfigurationPlatforms) = postSolution
		{BE29F35E-0FF9-41F2-AF55-3DB1FFBC3B0D}.Debug|x64.ActiveCfg = Debug|x64
		{BE29F35E-0FF9-41F2-AF55-3DB1FFBC3B0D}.Debug|x64.Build.0 = Debug|x64
		{BE29F35E-0FF9-41F2-AF55-3DB1FFBC3B0D}.Debug|x86.ActiveCfg = Debug|Win32
		{BE29F35E-0FF9-41F2-AF55-3DB1FFBC3B0D}.Debug|x86.Build.0 = Debug|Win32
		{BE29F35E-0FF9-41F2-AF55-3DB1FFBC3B0D}.Release|x64.ActiveCfg = Release|x64
		{BE29F35E-0FF9-41F2-AF55-3DB1FFBC3B0D}.Release|x64.Build.0 = Release|x64
		{BE29F35E-0FF9-41F2-AF55-3DB1FFBC3B0D}.Release|x86.ActiveCfg = Release|Win32
		{BE29F35E-0FF9-41F2-AF55-3DB1FFBC3B0D}.Release|x86.Build.0 = Release|Win32
		{35E51978-6572-4576-A59A-CBA5058A15EA}.Debug|x64.ActiveCfg = Debug|x64
		{35E51978-6572-4576-A59A-CBA5058A15EA}.Debug|x64.Build.0 = Debug|x64
		{35E51978-6572-4576-A59A-CBA5058A15EA}.Debug|x86.ActiveCfg = Debug|Win32
		{35E51978-6572-4576-A59A-CBA5058A15EA}.Debug|x86.Build.0 = Debug|Win32
		{35E51978-6572-4576-A59A-CBA5058A15EA}.Release|x64.ActiveCfg = Release|x64
		{35E51978-6572-4576-A59A-CBA5058A15EA}.Release|x64.Build.0 = Release|x64
		{35E51978-6572-4576-A59A-CBA5058A15EA}.Release|x86.ActiveCfg = Release|Win32
		{35E51978-6572-4576-A59A-CBA5058A15EA}.Release|x86.Build.0 = Release|Win32
		{39389B25-9387-451A-83D5-5DFAE71C734F}.Debug|x64.ActiveCfg = Debug|x64
		{39389B25-9387-451A-83D5-5DFAE71C734F}.Debug|x64.Build.0 = Debug|x64
		{39389B25-9387-451A-83D5-5DFAE71C734F}.Debug|x86.ActiveCfg = Debug|Win32
		{39389B25-9387-451A-83D5-5DFAE71C734F}.Debug|x86.Build.0 = Debug|Win32
		{39389B25-9387-451A-83D5-5DFAE71C734F}.Release|x64.ActiveCfg = Release|x64
		{39389B25-9387-451A-83D5-5DFAE71C734F}.Release|x64.Build.0 = Release|x64
		{39389B25-9387-451A-83D5-5DFAE71C734F}.Release|x86.ActiveCfg = Release|Win32
		{39389B25-9387-451A-83D5-5DFAE71C734F}.Release|x86.Build.0 = Release|Win32
		{6CB4CA77-0C5F-41C0-B741-6CD757FB0BB8}.Debug|x64.ActiveCfg = Debug|x64
		{6CB4CA77-0C5F-41C0-B741-6CD757FB0BB8}.Debug|x64.Build.0 = Debug|x64
		{6CB4CA77-0C5F-41C0-B741-6CD757FB0BB8}.Debug|x86.ActiveCfg = Debug|Win32
		{6CB4CA77-0C5F-41C0-B741-6CD757FB0BB8}.Debug|x86.Build.0 = Debug|Win32
		{6CB4CA77-0C5F-41C0-B741-6CD757FB0BB8}.Release|x64.ActiveCfg = Release|x64
		{6CB4CA77-0C5F-41C0-B741-6CD757FB0BB8}.Release|x64.Build.0 = Release|x64
		{6CB4CA77-0C5F-41C0-B741-6CD757FB0BB8}.Release|x86.ActiveCfg = Release|Win32
		{6CB4CA77-0C5F-41C0-B741-6CD757FB0BB8}.Release|x86.Build.0 = Release|Win32
	EndGlobalSection
	GlobalSection(SolutionProperties) = preSolution
		HideSolutionNode = FALSE
	EndGlobalSection
	GlobalSection(ExtensibilityGlobals) = postSolution
		SolutionGuid = {3F5324D3-7183-46B3-9300-365FE16332C4}
	EndGlobalSection
EndGlobal
